	<Project xmlns="http://schemas.microsoft.com/developer/msbuild/2003">
		<PropertyGroup>
			<ProjectGuid>{D59CC203-003C-487D-8BD5-3F50F7B51627}</ProjectGuid>
			<MainSource>ExpOffice.dpk</MainSource>
			<Config Condition="'$(Config)'==''">Debug</Config>
			<DCC_DCCCompiler>DCC32</DCC_DCCCompiler>
			<ProjectVersion>12.0</ProjectVersion>
		</PropertyGroup>
		<PropertyGroup Condition="'$(Config)'=='Base' or '$(Base)'!=''">
			<Base>true</Base>
		</PropertyGroup>
		<PropertyGroup Condition="'$(Config)'=='Release' or '$(Cfg_1)'!=''">
			<Cfg_1>true</Cfg_1>
			<CfgParent>Base</CfgParent>
			<Base>true</Base>
		</PropertyGroup>
		<PropertyGroup Condition="'$(Config)'=='Debug' or '$(Cfg_2)'!=''">
			<Cfg_2>true</Cfg_2>
			<CfgParent>Base</CfgParent>
			<Base>true</Base>
		</PropertyGroup>
		<PropertyGroup Condition="'$(Base)'!=''">
			<DCC_WriteableConstants>true</DCC_WriteableConstants>
			<DCC_DependencyCheckOutputName>C:\Users\Public\Documents\RAD Studio\7.0\Bpl\ExpOffice.bpl</DCC_DependencyCheckOutputName>
			<DCC_Description>Exportador Office</DCC_Description>
			<DCC_OutputNeverBuildDcps>true</DCC_OutputNeverBuildDcps>
			<GenDll>true</GenDll>
			<GenPackage>true</GenPackage>
			<DCC_ImageBase>00400000</DCC_ImageBase>
			<DCC_Platform>x86</DCC_Platform>
		</PropertyGroup>
		<PropertyGroup Condition="'$(Cfg_1)'!=''">
			<DCC_LocalDebugSymbols>false</DCC_LocalDebugSymbols>
			<DCC_Define>RELEASE;$(DCC_Define)</DCC_Define>
			<DCC_SymbolReferenceInfo>0</DCC_SymbolReferenceInfo>
			<DCC_DebugInformation>false</DCC_DebugInformation>
		</PropertyGroup>
		<PropertyGroup Condition="'$(Cfg_2)'!=''">
			<DCC_Define>DEBUG;$(DCC_Define)</DCC_Define>
		</PropertyGroup>
		<ItemGroup>
			<DelphiCompile Include="ExpOffice.dpk">
				<MainSource>MainSource</MainSource>
			</DelphiCompile>
			<DCCReference Include="ExportExtLVReg.dcr"/>
			<DCCReference Include="ExportStringsReg.dcr"/>
			<DCCReference Include="ExportXDBReg.dcr"/>
			<DCCReference Include="ExportXReg.dcr"/>
			<DCCReference Include="vcl.dcp"/>
			<DCCReference Include="vcldb.dcp"/>
			<DCCReference Include="bdertl.dcp"/>
			<DCCReference Include="vclimg.dcp"/>
			<DCCReference Include="xmlrtl.dcp"/>
			<DCCReference Include="vclx.dcp"/>
			<DCCReference Include="Rave110VCL.dcp"/>
			<DCCReference Include="Splicenet.dcp"/>
			<DCCReference Include="xprogress.pas">
				<Form>ProgressForm</Form>
			</DCCReference>
			<DCCReference Include="EC_DataSet.pas"/>
			<DCCReference Include="EC_DBGrid.pas"/>
			<DCCReference Include="EC_EnhLView.pas"/>
			<DCCReference Include="EC_ExtLView.pas"/>
			<DCCReference Include="EC_LView.pas"/>
			<DCCReference Include="EC_Main.pas"/>
			<DCCReference Include="EC_SGrid.pas"/>
			<DCCReference Include="EC_Strings.pas"/>
			<DCCReference Include="EC_Table.pas"/>
			<DCCReference Include="EC_TStrings.pas"/>
			<DCCReference Include="ExportExtLVReg.pas"/>
			<DCCReference Include="ExportStringsReg.pas"/>
			<DCCReference Include="ExportXDBReg.pas"/>
			<DCCReference Include="ExportXReg.pas"/>
			<DCCReference Include="EC_Choice.pas">
				<Form>ExportChoiceForm</Form>
			</DCCReference>
			<BuildConfiguration Include="Base">
				<Key>Base</Key>
			</BuildConfiguration>
			<BuildConfiguration Include="Debug">
				<Key>Cfg_2</Key>
				<CfgParent>Base</CfgParent>
			</BuildConfiguration>
			<BuildConfiguration Include="Release">
				<Key>Cfg_1</Key>
				<CfgParent>Base</CfgParent>
			</BuildConfiguration>
		</ItemGroup>
		<Import Project="$(BDS)\Bin\CodeGear.Delphi.Targets" Condition="Exists('$(BDS)\Bin\CodeGear.Delphi.Targets')"/>
		<ProjectExtensions>
			<Borland.Personality>Delphi.Personality.12</Borland.Personality>
			<Borland.ProjectType>Package</Borland.ProjectType>
			<BorlandProject>
				<Delphi.Personality>
					<Source>
						<Source Name="MainSource">ExpOffice.dpk</Source>
					</Source>
					<Parameters>
						<Parameters Name="UseLauncher">False</Parameters>
						<Parameters Name="LoadAllSymbols">True</Parameters>
						<Parameters Name="LoadUnspecifiedSymbols">False</Parameters>
					</Parameters>
					<Language>
						<Language Name="ProjectLang">$00000416</Language>
					</Language>
					<VersionInfo>
						<VersionInfo Name="IncludeVerInfo">True</VersionInfo>
						<VersionInfo Name="AutoIncBuild">False</VersionInfo>
						<VersionInfo Name="MajorVer">1</VersionInfo>
						<VersionInfo Name="MinorVer">0</VersionInfo>
						<VersionInfo Name="Release">0</VersionInfo>
						<VersionInfo Name="Build">0</VersionInfo>
						<VersionInfo Name="Debug">False</VersionInfo>
						<VersionInfo Name="PreRelease">False</VersionInfo>
						<VersionInfo Name="Special">False</VersionInfo>
						<VersionInfo Name="Private">False</VersionInfo>
						<VersionInfo Name="DLL">False</VersionInfo>
						<VersionInfo Name="Locale">1046</VersionInfo>
						<VersionInfo Name="CodePage">1252</VersionInfo>
					</VersionInfo>
					<VersionInfoKeys>
						<VersionInfoKeys Name="CompanyName"/>
						<VersionInfoKeys Name="FileDescription"/>
						<VersionInfoKeys Name="FileVersion">1.0.0.0</VersionInfoKeys>
						<VersionInfoKeys Name="InternalName"/>
						<VersionInfoKeys Name="LegalCopyright"/>
						<VersionInfoKeys Name="LegalTrademarks"/>
						<VersionInfoKeys Name="OriginalFilename"/>
						<VersionInfoKeys Name="ProductName"/>
						<VersionInfoKeys Name="ProductVersion">1.0.0.0</VersionInfoKeys>
						<VersionInfoKeys Name="Comments"/>
					</VersionInfoKeys>
					<Excluded_Packages>
						<Excluded_Packages Name="$(BDS)\bin\dclDataSnapIndy10ServerTransport140.bpl">File c:\program files (x86)\embarcadero\rad studio\7.0\bin\dclDataSnapIndy10ServerTransport140.bpl not found</Excluded_Packages>
						<Excluded_Packages Name="$(BDS)\bin\dclDataSnapProviderClient140.bpl">File c:\program files (x86)\embarcadero\rad studio\7.0\bin\dclDataSnapProviderClient140.bpl not found</Excluded_Packages>
						<Excluded_Packages Name="$(BDS)\bin\dclDataSnapServer140.bpl">File c:\program files (x86)\embarcadero\rad studio\7.0\bin\dclDataSnapServer140.bpl not found</Excluded_Packages>
						<Excluded_Packages Name="$(BDS)\bin\samplevisualizers140.bpl">Embarcadero Sample Debugger Visualizers</Excluded_Packages>
						<Excluded_Packages Name="C:\Componentes2010\fortesreport-ce-master\Binary\LibD14\frce.bpl">Fortes Report Comunity Edition</Excluded_Packages>
						<Excluded_Packages Name="C:\Users\Public\Documents\RAD Studio\7.0\Bpl\O407bd140.bpl">TurboPower Orpheus 4.07 data-aware designtime package - VCL140</Excluded_Packages>
					</Excluded_Packages>
				</Delphi.Personality>
			</BorlandProject>
			<ProjectFileVersion>12</ProjectFileVersion>
		</ProjectExtensions>
	</Project>
